
Microsoft Visual Studio Solution File, Format Version 12.00
# Visual Studio Version 17
VisualStudioVersion = 17.10.35027.167
MinimumVisualStudioVersion = 10.0.40219.1
Project("{FAE04EC0-301F-11D3-BF4B-00C04F79EFBC}") = "SwaggerTrans", "SwaggerTrans.csproj", "{6ED36182-8447-4C67-9F9E-8FA88920933D}"
EndProject
Global
	GlobalSection(SolutionConfigurationPlatforms) = preSolution
		Debug|Any CPU = Debug|Any CPU
		Release|Any CPU = Release|Any CPU
	EndGlobalSection
	GlobalSection(ProjectConfigurationPlatforms) = postSolution
		{6ED36182-8447-4C67-9F9E-8FA88920933D}.Debug|Any CPU.ActiveCfg = Debug|Any CPU
		{6ED36182-8447-4C67-9F9E-8FA88920933D}.Debug|Any CPU.Build.0 = Debug|Any CPU
		{6ED36182-8447-4C67-9F9E-8FA88920933D}.Release|Any CPU.ActiveCfg = Release|Any CPU
		{6ED36182-8447-4C67-9F9E-8FA88920933D}.Release|Any CPU.Build.0 = Release|Any CPU
	EndGlobalSection
	GlobalSection(SolutionProperties) = preSolution
		HideSolutionNode = FALSE
	EndGlobalSection
	GlobalSection(ExtensibilityGlobals) = postSolution
		SolutionGuid = {292610F4-09EC-4B5D-9BDB-50D6B4EFEAD0}
	EndGlobalSection
EndGlobal
